PODS:
  - ASLDeallocMonitor (0.1.0):
    - Aspects
  - Aspects (1.4.1)

DEPENDENCIES:
  - ASLDeallocMonitor (from `../`)

EXTERNAL SOURCES:
  ASLDeallocMonitor:
    :path: "../"

SPEC CHECKSUMS:
  ASLDeallocMonitor: 912c6c1328de70c3057eb1bc4a170c68115714bb
  Aspects: 7595ba96a6727a58ebcbfc954497fc5d2fdde546

PODFILE CHECKSUM: 1c41b884a615bfe183bde889549fa5ac741ca148

COCOAPODS: 1.2.1
